
Microsoft Visual Studio Solution File, Format Version 12.00
Project("{FAE04EC0-301F-11D3-BF4B-00C04F79EFBC}") = "Otus.Tester.ConsoleApp", "Otus.Tester.ConsoleApp\Otus.Tester.ConsoleApp.csproj", "{DFA99B3B-094E-49B9-9CF9-1FB19475BDF9}"
EndProject
Project("{FAE04EC0-301F-11D3-BF4B-00C04F79EFBC}") = "Otus.DataStructure", "Otus.DataStructure\Otus.DataStructure.csproj", "{C9C4BBD2-4CE2-4FF2-A498-592BC1FC2BDF}"
EndProject
Global
	GlobalSection(SolutionConfigurationPlatforms) = preSolution
		Debug|Any CPU = Debug|Any CPU
		Release|Any CPU = Release|Any CPU
	EndGlobalSection
	GlobalSection(ProjectConfigurationPlatforms) = postSolution
		{DFA99B3B-094E-49B9-9CF9-1FB19475BDF9}.Debug|Any CPU.ActiveCfg = Debug|Any CPU
		{DFA99B3B-094E-49B9-9CF9-1FB19475BDF9}.Debug|Any CPU.Build.0 = Debug|Any CPU
		{DFA99B3B-094E-49B9-9CF9-1FB19475BDF9}.Release|Any CPU.ActiveCfg = Release|Any CPU
		{DFA99B3B-094E-49B9-9CF9-1FB19475BDF9}.Release|Any CPU.Build.0 = Release|Any CPU
		{C9C4BBD2-4CE2-4FF2-A498-592BC1FC2BDF}.Debug|Any CPU.ActiveCfg = Debug|Any CPU
		{C9C4BBD2-4CE2-4FF2-A498-592BC1FC2BDF}.Debug|Any CPU.Build.0 = Debug|Any CPU
		{C9C4BBD2-4CE2-4FF2-A498-592BC1FC2BDF}.Release|Any CPU.ActiveCfg = Release|Any CPU
		{C9C4BBD2-4CE2-4FF2-A498-592BC1FC2BDF}.Release|Any CPU.Build.0 = Release|Any CPU
	EndGlobalSection
EndGlobal
