
Microsoft Visual Studio Solution File, Format Version 12.00
Project("{FAE04EC0-301F-11D3-BF4B-00C04F79EFBC}") = "Otus.ProblemSolving.Task1", "Otus.ProblemSolving.Task1\Otus.ProblemSolving.Task1.csproj", "{747164AA-50EC-44A8-AD37-47EC568144D6}"
EndProject
Project("{FAE04EC0-301F-11D3-BF4B-00C04F79EFBC}") = "Otus.ProblemSolving.Task2", "Otus.ProblemSolving.Task2\Otus.ProblemSolving.Task2.csproj", "{4BE1CA47-2C28-457B-806C-647516CFE31D}"
EndProject
Project("{FAE04EC0-301F-11D3-BF4B-00C04F79EFBC}") = "Otus.ProblemSolving.Task3", "Otus.ProblemSolving.Task3\Otus.ProblemSolving.Task3.csproj", "{03DD4B92-BAA3-45E2-B348-8C802EE25AE1}"
EndProject
Project("{FAE04EC0-301F-11D3-BF4B-00C04F79EFBC}") = "Otus.ProblemSolving.Task4", "Otus.ProblemSolving.Task4\Otus.ProblemSolving.Task4.csproj", "{AEAC26A0-747F-4352-AADC-CDA437697899}"
EndProject
Project("{FAE04EC0-301F-11D3-BF4B-00C04F79EFBC}") = "Otus.ProblemSolving.Task5", "Otus.ProblemSolving.Task5\Otus.ProblemSolving.Task5.csproj", "{348C4CE7-C436-4B23-A1FD-CDAEB45DFE13}"
EndProject
Project("{FAE04EC0-301F-11D3-BF4B-00C04F79EFBC}") = "Otus.ProblemSolving.Task6", "Otus.ProblemSolving.Task6\Otus.ProblemSolving.Task6.csproj", "{A17C5973-5C30-4E31-AF0F-FFE174DC0107}"
EndProject
Project("{FAE04EC0-301F-11D3-BF4B-00C04F79EFBC}") = "Otus.ProblemSolving.Task7", "Otus.ProblemSolving.Task7\Otus.ProblemSolving.Task7.csproj", "{DFBA72F3-8DC3-4483-BCC0-18D6869D89D2}"
EndProject
Project("{FAE04EC0-301F-11D3-BF4B-00C04F79EFBC}") = "Otus.ProblemSolving.Task8", "Otus.ProblemSolving.Task8\Otus.ProblemSolving.Task8.csproj", "{C684AA19-ADCF-41A8-A1C4-23B8A78CFDF0}"
EndProject
Global
	GlobalSection(SolutionConfigurationPlatforms) = preSolution
		Debug|Any CPU = Debug|Any CPU
		Release|Any CPU = Release|Any CPU
	EndGlobalSection
	GlobalSection(ProjectConfigurationPlatforms) = postSolution
		{747164AA-50EC-44A8-AD37-47EC568144D6}.Debug|Any CPU.ActiveCfg = Debug|Any CPU
		{747164AA-50EC-44A8-AD37-47EC568144D6}.Debug|Any CPU.Build.0 = Debug|Any CPU
		{747164AA-50EC-44A8-AD37-47EC568144D6}.Release|Any CPU.ActiveCfg = Release|Any CPU
		{747164AA-50EC-44A8-AD37-47EC568144D6}.Release|Any CPU.Build.0 = Release|Any CPU
		{4BE1CA47-2C28-457B-806C-647516CFE31D}.Debug|Any CPU.ActiveCfg = Debug|Any CPU
		{4BE1CA47-2C28-457B-806C-647516CFE31D}.Debug|Any CPU.Build.0 = Debug|Any CPU
		{4BE1CA47-2C28-457B-806C-647516CFE31D}.Release|Any CPU.ActiveCfg = Release|Any CPU
		{4BE1CA47-2C28-457B-806C-647516CFE31D}.Release|Any CPU.Build.0 = Release|Any CPU
		{03DD4B92-BAA3-45E2-B348-8C802EE25AE1}.Debug|Any CPU.ActiveCfg = Debug|Any CPU
		{03DD4B92-BAA3-45E2-B348-8C802EE25AE1}.Debug|Any CPU.Build.0 = Debug|Any CPU
		{03DD4B92-BAA3-45E2-B348-8C802EE25AE1}.Release|Any CPU.ActiveCfg = Release|Any CPU
		{03DD4B92-BAA3-45E2-B348-8C802EE25AE1}.Release|Any CPU.Build.0 = Release|Any CPU
		{AEAC26A0-747F-4352-AADC-CDA437697899}.Debug|Any CPU.ActiveCfg = Debug|Any CPU
		{AEAC26A0-747F-4352-AADC-CDA437697899}.Debug|Any CPU.Build.0 = Debug|Any CPU
		{AEAC26A0-747F-4352-AADC-CDA437697899}.Release|Any CPU.ActiveCfg = Release|Any CPU
		{AEAC26A0-747F-4352-AADC-CDA437697899}.Release|Any CPU.Build.0 = Release|Any CPU
		{348C4CE7-C436-4B23-A1FD-CDAEB45DFE13}.Debug|Any CPU.ActiveCfg = Debug|Any CPU
		{348C4CE7-C436-4B23-A1FD-CDAEB45DFE13}.Debug|Any CPU.Build.0 = Debug|Any CPU
		{348C4CE7-C436-4B23-A1FD-CDAEB45DFE13}.Release|Any CPU.ActiveCfg = Release|Any CPU
		{348C4CE7-C436-4B23-A1FD-CDAEB45DFE13}.Release|Any CPU.Build.0 = Release|Any CPU
		{A17C5973-5C30-4E31-AF0F-FFE174DC0107}.Debug|Any CPU.ActiveCfg = Debug|Any CPU
		{A17C5973-5C30-4E31-AF0F-FFE174DC0107}.Debug|Any CPU.Build.0 = Debug|Any CPU
		{A17C5973-5C30-4E31-AF0F-FFE174DC0107}.Release|Any CPU.ActiveCfg = Release|Any CPU
		{A17C5973-5C30-4E31-AF0F-FFE174DC0107}.Release|Any CPU.Build.0 = Release|Any CPU
		{DFBA72F3-8DC3-4483-BCC0-18D6869D89D2}.Debug|Any CPU.ActiveCfg = Debug|Any CPU
		{DFBA72F3-8DC3-4483-BCC0-18D6869D89D2}.Debug|Any CPU.Build.0 = Debug|Any CPU
		{DFBA72F3-8DC3-4483-BCC0-18D6869D89D2}.Release|Any CPU.ActiveCfg = Release|Any CPU
		{DFBA72F3-8DC3-4483-BCC0-18D6869D89D2}.Release|Any CPU.Build.0 = Release|Any CPU
		{C684AA19-ADCF-41A8-A1C4-23B8A78CFDF0}.Debug|Any CPU.ActiveCfg = Debug|Any CPU
		{C684AA19-ADCF-41A8-A1C4-23B8A78CFDF0}.Debug|Any CPU.Build.0 = Debug|Any CPU
		{C684AA19-ADCF-41A8-A1C4-23B8A78CFDF0}.Release|Any CPU.ActiveCfg = Release|Any CPU
		{C684AA19-ADCF-41A8-A1C4-23B8A78CFDF0}.Release|Any CPU.Build.0 = Release|Any CPU
	EndGlobalSection
EndGlobal
